
Microsoft Visual Studio Solution File, Format Version 12.00
# Visual Studio Version 17
VisualStudioVersion = 17.2.32616.157
MinimumVisualStudioVersion = 10.0.40219.1
Project("{9A19103F-16F7-4668-BE54-9A1E7A4F7556}") = "NotificationSample", "NotificationSample\NotificationSample\NotificationSample.csproj", "{2C1240E7-5706-496E-8474-719EBD7E3EF9}"
EndProject
Project("{FAE04EC0-301F-11D3-BF4B-00C04F79EFBC}") = "NotificationSample.Android", "NotificationSample\NotificationSample.Android\NotificationSample.Android.csproj", "{8B52F35C-8E5A-4718-9B70-DE6F3F7B8A2C}"
EndProject
Project("{FAE04EC0-301F-11D3-BF4B-00C04F79EFBC}") = "NotificationSample.iOS", "NotificationSample\NotificationSample.iOS\NotificationSample.iOS.csproj", "{BD107136-6A80-4659-BF6B-17AA36406CAF}"
EndProject
Project("{9A19103F-16F7-4668-BE54-9A1E7A4F7556}") = "NotificationDispatcher", "NotificationDispatcher\NotificationDispatcher.csproj", "{CC0C97BA-63AF-4D15-B488-1BAB8FF38B50}"
EndProject
Project("{9A19103F-16F7-4668-BE54-9A1E7A4F7556}") = "NotificationQuery", "NotificationQuery\NotificationQuery.csproj", "{2F044A45-828B-49DA-B9DD-1C6F00AE72C6}"
EndProject
Global
	GlobalSection(SolutionConfigurationPlatforms) = preSolution
		Ad-Hoc|Any CPU = Ad-Hoc|Any CPU
		Ad-Hoc|iPhone = Ad-Hoc|iPhone
		Ad-Hoc|iPhoneSimulator = Ad-Hoc|iPhoneSimulator
		AppStore|Any CPU = AppStore|Any CPU
		AppStore|iPhone = AppStore|iPhone
		AppStore|iPhoneSimulator = AppStore|iPhoneSimulator
		Debug|Any CPU = Debug|Any CPU
		Debug|iPhone = Debug|iPhone
		Debug|iPhoneSimulator = Debug|iPhoneSimulator
		Release|Any CPU = Release|Any CPU
		Release|iPhone = Release|iPhone
		Release|iPhoneSimulator = Release|iPhoneSimulator
	EndGlobalSection
	GlobalSection(ProjectConfigurationPlatforms) = postSolution
		{2C1240E7-5706-496E-8474-719EBD7E3EF9}.Ad-Hoc|Any CPU.ActiveCfg = Debug|Any CPU
		{2C1240E7-5706-496E-8474-719EBD7E3EF9}.Ad-Hoc|Any CPU.Build.0 = Debug|Any CPU
		{2C1240E7-5706-496E-8474-719EBD7E3EF9}.Ad-Hoc|iPhone.ActiveCfg = Debug|Any CPU
		{2C1240E7-5706-496E-8474-719EBD7E3EF9}.Ad-Hoc|iPhone.Build.0 = Debug|Any CPU
		{2C1240E7-5706-496E-8474-719EBD7E3EF9}.Ad-Hoc|iPhoneSimulator.ActiveCfg = Debug|Any CPU
		{2C1240E7-5706-496E-8474-719EBD7E3EF9}.Ad-Hoc|iPhoneSimulator.Build.0 = Debug|Any CPU
		{2C1240E7-5706-496E-8474-719EBD7E3EF9}.AppStore|Any CPU.ActiveCfg = Debug|Any CPU
		{2C1240E7-5706-496E-8474-719EBD7E3EF9}.AppStore|Any CPU.Build.0 = Debug|Any CPU
		{2C1240E7-5706-496E-8474-719EBD7E3EF9}.AppStore|iPhone.ActiveCfg = Debug|Any CPU
		{2C1240E7-5706-496E-8474-719EBD7E3EF9}.AppStore|iPhone.Build.0 = Debug|Any CPU
		{2C1240E7-5706-496E-8474-719EBD7E3EF9}.AppStore|iPhoneSimulator.ActiveCfg = Debug|Any CPU
		{2C1240E7-5706-496E-8474-719EBD7E3EF9}.AppStore|iPhoneSimulator.Build.0 = Debug|Any CPU
		{2C1240E7-5706-496E-8474-719EBD7E3EF9}.Debug|Any CPU.ActiveCfg = Debug|Any CPU
		{2C1240E7-5706-496E-8474-719EBD7E3EF9}.Debug|Any CPU.Build.0 = Debug|Any CPU
		{2C1240E7-5706-496E-8474-719EBD7E3EF9}.Debug|iPhone.ActiveCfg = Debug|Any CPU
		{2C1240E7-5706-496E-8474-719EBD7E3EF9}.Debug|iPhone.Build.0 = Debug|Any CPU
		{2C1240E7-5706-496E-8474-719EBD7E3EF9}.Debug|iPhoneSimulator.ActiveCfg = Debug|Any CPU
		{2C1240E7-5706-496E-8474-719EBD7E3EF9}.Debug|iPhoneSimulator.Build.0 = Debug|Any CPU
		{2C1240E7-5706-496E-8474-719EBD7E3EF9}.Release|Any CPU.ActiveCfg = Release|Any CPU
		{2C1240E7-5706-496E-8474-719EBD7E3EF9}.Release|Any CPU.Build.0 = Release|Any CPU
		{2C1240E7-5706-496E-8474-719EBD7E3EF9}.Release|iPhone.ActiveCfg = Release|Any CPU
		{2C1240E7-5706-496E-8474-719EBD7E3EF9}.Release|iPhone.Build.0 = Release|Any CPU
		{2C1240E7-5706-496E-8474-719EBD7E3EF9}.Release|iPhoneSimulator.ActiveCfg = Release|Any CPU
		{2C1240E7-5706-496E-8474-719EBD7E3EF9}.Release|iPhoneSimulator.Build.0 = Release|Any CPU
		{8B52F35C-8E5A-4718-9B70-DE6F3F7B8A2C}.Ad-Hoc|Any CPU.ActiveCfg = Debug|Any CPU
		{8B52F35C-8E5A-4718-9B70-DE6F3F7B8A2C}.Ad-Hoc|Any CPU.Build.0 = Debug|Any CPU
		{8B52F35C-8E5A-4718-9B70-DE6F3F7B8A2C}.Ad-Hoc|Any CPU.Deploy.0 = Debug|Any CPU
		{8B52F35C-8E5A-4718-9B70-DE6F3F7B8A2C}.Ad-Hoc|iPhone.ActiveCfg = Debug|Any CPU
		{8B52F35C-8E5A-4718-9B70-DE6F3F7B8A2C}.Ad-Hoc|iPhone.Build.0 = Debug|Any CPU
		{8B52F35C-8E5A-4718-9B70-DE6F3F7B8A2C}.Ad-Hoc|iPhone.Deploy.0 = Debug|Any CPU
		{8B52F35C-8E5A-4718-9B70-DE6F3F7B8A2C}.Ad-Hoc|iPhoneSimulator.ActiveCfg = Debug|Any CPU
		{8B52F35C-8E5A-4718-9B70-DE6F3F7B8A2C}.Ad-Hoc|iPhoneSimulator.Build.0 = Debug|Any CPU
		{8B52F35C-8E5A-4718-9B70-DE6F3F7B8A2C}.Ad-Hoc|iPhoneSimulator.Deploy.0 = Debug|Any CPU
		{8B52F35C-8E5A-4718-9B70-DE6F3F7B8A2C}.AppStore|Any CPU.ActiveCfg = Debug|Any CPU
		{8B52F35C-8E5A-4718-9B70-DE6F3F7B8A2C}.AppStore|Any CPU.Build.0 = Debug|Any CPU
		{8B52F35C-8E5A-4718-9B70-DE6F3F7B8A2C}.AppStore|Any CPU.Deploy.0 = Debug|Any CPU
		{8B52F35C-8E5A-4718-9B70-DE6F3F7B8A2C}.AppStore|iPhone.ActiveCfg = Debug|Any CPU
		{8B52F35C-8E5A-4718-9B70-DE6F3F7B8A2C}.AppStore|iPhone.Build.0 = Debug|Any CPU
		{8B52F35C-8E5A-4718-9B70-DE6F3F7B8A2C}.AppStore|iPhone.Deploy.0 = Debug|Any CPU
		{8B52F35C-8E5A-4718-9B70-DE6F3F7B8A2C}.AppStore|iPhoneSimulator.ActiveCfg = Debug|Any CPU
		{8B52F35C-8E5A-4718-9B70-DE6F3F7B8A2C}.AppStore|iPhoneSimulator.Build.0 = Debug|Any CPU
		{8B52F35C-8E5A-4718-9B70-DE6F3F7B8A2C}.AppStore|iPhoneSimulator.Deploy.0 = Debug|Any CPU
		{8B52F35C-8E5A-4718-9B70-DE6F3F7B8A2C}.Debug|Any CPU.ActiveCfg = Debug|Any CPU
		{8B52F35C-8E5A-4718-9B70-DE6F3F7B8A2C}.Debug|Any CPU.Build.0 = Debug|Any CPU
		{8B52F35C-8E5A-4718-9B70-DE6F3F7B8A2C}.Debug|Any CPU.Deploy.0 = Debug|Any CPU
		{8B52F35C-8E5A-4718-9B70-DE6F3F7B8A2C}.Debug|iPhone.ActiveCfg = Debug|Any CPU
		{8B52F35C-8E5A-4718-9B70-DE6F3F7B8A2C}.Debug|iPhone.Build.0 = Debug|Any CPU
		{8B52F35C-8E5A-4718-9B70-DE6F3F7B8A2C}.Debug|iPhone.Deploy.0 = Debug|Any CPU
		{8B52F35C-8E5A-4718-9B70-DE6F3F7B8A2C}.Debug|iPhoneSimulator.ActiveCfg = Debug|Any CPU
		{8B52F35C-8E5A-4718-9B70-DE6F3F7B8A2C}.Debug|iPhoneSimulator.Build.0 = Debug|Any CPU
		{8B52F35C-8E5A-4718-9B70-DE6F3F7B8A2C}.Debug|iPhoneSimulator.Deploy.0 = Debug|Any CPU
		{8B52F35C-8E5A-4718-9B70-DE6F3F7B8A2C}.Release|Any CPU.ActiveCfg = Release|Any CPU
		{8B52F35C-8E5A-4718-9B70-DE6F3F7B8A2C}.Release|Any CPU.Build.0 = Release|Any CPU
		{8B52F35C-8E5A-4718-9B70-DE6F3F7B8A2C}.Release|Any CPU.Deploy.0 = Release|Any CPU
		{8B52F35C-8E5A-4718-9B70-DE6F3F7B8A2C}.Release|iPhone.ActiveCfg = Release|Any CPU
		{8B52F35C-8E5A-4718-9B70-DE6F3F7B8A2C}.Release|iPhone.Build.0 = Release|Any CPU
		{8B52F35C-8E5A-4718-9B70-DE6F3F7B8A2C}.Release|iPhone.Deploy.0 = Release|Any CPU
		{8B52F35C-8E5A-4718-9B70-DE6F3F7B8A2C}.Release|iPhoneSimulator.ActiveCfg = Release|Any CPU
		{8B52F35C-8E5A-4718-9B70-DE6F3F7B8A2C}.Release|iPhoneSimulator.Build.0 = Release|Any CPU
		{8B52F35C-8E5A-4718-9B70-DE6F3F7B8A2C}.Release|iPhoneSimulator.Deploy.0 = Release|Any CPU
		{BD107136-6A80-4659-BF6B-17AA36406CAF}.Ad-Hoc|Any CPU.ActiveCfg = Ad-Hoc|iPhoneSimulator
		{BD107136-6A80-4659-BF6B-17AA36406CAF}.Ad-Hoc|Any CPU.Build.0 = Ad-Hoc|iPhoneSimulator
		{BD107136-6A80-4659-BF6B-17AA36406CAF}.Ad-Hoc|iPhone.ActiveCfg = Ad-Hoc|iPhone
		{BD107136-6A80-4659-BF6B-17AA36406CAF}.Ad-Hoc|iPhone.Build.0 = Ad-Hoc|iPhone
		{BD107136-6A80-4659-BF6B-17AA36406CAF}.Ad-Hoc|iPhoneSimulator.ActiveCfg = Ad-Hoc|iPhoneSimulator
		{BD107136-6A80-4659-BF6B-17AA36406CAF}.Ad-Hoc|iPhoneSimulator.Build.0 = Ad-Hoc|iPhoneSimulator
		{BD107136-6A80-4659-BF6B-17AA36406CAF}.AppStore|Any CPU.ActiveCfg = AppStore|iPhoneSimulator
		{BD107136-6A80-4659-BF6B-17AA36406CAF}.AppStore|Any CPU.Build.0 = AppStore|iPhoneSimulator
		{BD107136-6A80-4659-BF6B-17AA36406CAF}.AppStore|iPhone.ActiveCfg = AppStore|iPhone
		{BD107136-6A80-4659-BF6B-17AA36406CAF}.AppStore|iPhone.Build.0 = AppStore|iPhone
		{BD107136-6A80-4659-BF6B-17AA36406CAF}.AppStore|iPhoneSimulator.ActiveCfg = AppStore|iPhoneSimulator
		{BD107136-6A80-4659-BF6B-17AA36406CAF}.AppStore|iPhoneSimulator.Build.0 = AppStore|iPhoneSimulator
		{BD107136-6A80-4659-BF6B-17AA36406CAF}.Debug|Any CPU.ActiveCfg = Debug|iPhoneSimulator
		{BD107136-6A80-4659-BF6B-17AA36406CAF}.Debug|Any CPU.Build.0 = Debug|iPhoneSimulator
		{BD107136-6A80-4659-BF6B-17AA36406CAF}.Debug|iPhone.ActiveCfg = Debug|iPhone
		{BD107136-6A80-4659-BF6B-17AA36406CAF}.Debug|iPhone.Build.0 = Debug|iPhone
		{BD107136-6A80-4659-BF6B-17AA36406CAF}.Debug|iPhoneSimulator.ActiveCfg = Debug|iPhoneSimulator
		{BD107136-6A80-4659-BF6B-17AA36406CAF}.Debug|iPhoneSimulator.Build.0 = Debug|iPhoneSimulator
		{BD107136-6A80-4659-BF6B-17AA36406CAF}.Release|Any CPU.ActiveCfg = Release|iPhoneSimulator
		{BD107136-6A80-4659-BF6B-17AA36406CAF}.Release|Any CPU.Build.0 = Release|iPhoneSimulator
		{BD107136-6A80-4659-BF6B-17AA36406CAF}.Release|iPhone.ActiveCfg = Release|iPhone
		{BD107136-6A80-4659-BF6B-17AA36406CAF}.Release|iPhone.Build.0 = Release|iPhone
		{BD107136-6A80-4659-BF6B-17AA36406CAF}.Release|iPhoneSimulator.ActiveCfg = Release|iPhoneSimulator
		{BD107136-6A80-4659-BF6B-17AA36406CAF}.Release|iPhoneSimulator.Build.0 = Release|iPhoneSimulator
		{CC0C97BA-63AF-4D15-B488-1BAB8FF38B50}.Ad-Hoc|Any CPU.ActiveCfg = Debug|Any CPU
		{CC0C97BA-63AF-4D15-B488-1BAB8FF38B50}.Ad-Hoc|Any CPU.Build.0 = Debug|Any CPU
		{CC0C97BA-63AF-4D15-B488-1BAB8FF38B50}.Ad-Hoc|iPhone.ActiveCfg = Debug|Any CPU
		{CC0C97BA-63AF-4D15-B488-1BAB8FF38B50}.Ad-Hoc|iPhone.Build.0 = Debug|Any CPU
		{CC0C97BA-63AF-4D15-B488-1BAB8FF38B50}.Ad-Hoc|iPhoneSimulator.ActiveCfg = Debug|Any CPU
		{CC0C97BA-63AF-4D15-B488-1BAB8FF38B50}.Ad-Hoc|iPhoneSimulator.Build.0 = Debug|Any CPU
		{CC0C97BA-63AF-4D15-B488-1BAB8FF38B50}.AppStore|Any CPU.ActiveCfg = Debug|Any CPU
		{CC0C97BA-63AF-4D15-B488-1BAB8FF38B50}.AppStore|Any CPU.Build.0 = Debug|Any CPU
		{CC0C97BA-63AF-4D15-B488-1BAB8FF38B50}.AppStore|iPhone.ActiveCfg = Debug|Any CPU
		{CC0C97BA-63AF-4D15-B488-1BAB8FF38B50}.AppStore|iPhone.Build.0 = Debug|Any CPU
		{CC0C97BA-63AF-4D15-B488-1BAB8FF38B50}.AppStore|iPhoneSimulator.ActiveCfg = Debug|Any CPU
		{CC0C97BA-63AF-4D15-B488-1BAB8FF38B50}.AppStore|iPhoneSimulator.Build.0 = Debug|Any CPU
		{CC0C97BA-63AF-4D15-B488-1BAB8FF38B50}.Debug|Any CPU.ActiveCfg = Debug|Any CPU
		{CC0C97BA-63AF-4D15-B488-1BAB8FF38B50}.Debug|Any CPU.Build.0 = Debug|Any CPU
		{CC0C97BA-63AF-4D15-B488-1BAB8FF38B50}.Debug|iPhone.ActiveCfg = Debug|Any CPU
		{CC0C97BA-63AF-4D15-B488-1BAB8FF38B50}.Debug|iPhone.Build.0 = Debug|Any CPU
		{CC0C97BA-63AF-4D15-B488-1BAB8FF38B50}.Debug|iPhoneSimulator.ActiveCfg = Debug|Any CPU
		{CC0C97BA-63AF-4D15-B488-1BAB8FF38B50}.Debug|iPhoneSimulator.Build.0 = Debug|Any CPU
		{CC0C97BA-63AF-4D15-B488-1BAB8FF38B50}.Release|Any CPU.ActiveCfg = Release|Any CPU
		{CC0C97BA-63AF-4D15-B488-1BAB8FF38B50}.Release|Any CPU.Build.0 = Release|Any CPU
		{CC0C97BA-63AF-4D15-B488-1BAB8FF38B50}.Release|iPhone.ActiveCfg = Release|Any CPU
		{CC0C97BA-63AF-4D15-B488-1BAB8FF38B50}.Release|iPhone.Build.0 = Release|Any CPU
		{CC0C97BA-63AF-4D15-B488-1BAB8FF38B50}.Release|iPhoneSimulator.ActiveCfg = Release|Any CPU
		{CC0C97BA-63AF-4D15-B488-1BAB8FF38B50}.Release|iPhoneSimulator.Build.0 = Release|Any CPU
		{2F044A45-828B-49DA-B9DD-1C6F00AE72C6}.Ad-Hoc|Any CPU.ActiveCfg = Debug|Any CPU
		{2F044A45-828B-49DA-B9DD-1C6F00AE72C6}.Ad-Hoc|Any CPU.Build.0 = Debug|Any CPU
		{2F044A45-828B-49DA-B9DD-1C6F00AE72C6}.Ad-Hoc|iPhone.ActiveCfg = Debug|Any CPU
		{2F044A45-828B-49DA-B9DD-1C6F00AE72C6}.Ad-Hoc|iPhone.Build.0 = Debug|Any CPU
		{2F044A45-828B-49DA-B9DD-1C6F00AE72C6}.Ad-Hoc|iPhoneSimulator.ActiveCfg = Debug|Any CPU
		{2F044A45-828B-49DA-B9DD-1C6F00AE72C6}.Ad-Hoc|iPhoneSimulator.Build.0 = Debug|Any CPU
		{2F044A45-828B-49DA-B9DD-1C6F00AE72C6}.AppStore|Any CPU.ActiveCfg = Debug|Any CPU
		{2F044A45-828B-49DA-B9DD-1C6F00AE72C6}.AppStore|Any CPU.Build.0 = Debug|Any CPU
		{2F044A45-828B-49DA-B9DD-1C6F00AE72C6}.AppStore|iPhone.ActiveCfg = Debug|Any CPU
		{2F044A45-828B-49DA-B9DD-1C6F00AE72C6}.AppStore|iPhone.Build.0 = Debug|Any CPU
		{2F044A45-828B-49DA-B9DD-1C6F00AE72C6}.AppStore|iPhoneSimulator.ActiveCfg = Debug|Any CPU
		{2F044A45-828B-49DA-B9DD-1C6F00AE72C6}.AppStore|iPhoneSimulator.Build.0 = Debug|Any CPU
		{2F044A45-828B-49DA-B9DD-1C6F00AE72C6}.Debug|Any CPU.ActiveCfg = Debug|Any CPU
		{2F044A45-828B-49DA-B9DD-1C6F00AE72C6}.Debug|Any CPU.Build.0 = Debug|Any CPU
		{2F044A45-828B-49DA-B9DD-1C6F00AE72C6}.Debug|iPhone.ActiveCfg = Debug|Any CPU
		{2F044A45-828B-49DA-B9DD-1C6F00AE72C6}.Debug|iPhone.Build.0 = Debug|Any CPU
		{2F044A45-828B-49DA-B9DD-1C6F00AE72C6}.Debug|iPhoneSimulator.ActiveCfg = Debug|Any CPU
		{2F044A45-828B-49DA-B9DD-1C6F00AE72C6}.Debug|iPhoneSimulator.Build.0 = Debug|Any CPU
		{2F044A45-828B-49DA-B9DD-1C6F00AE72C6}.Release|Any CPU.ActiveCfg = Release|Any CPU
		{2F044A45-828B-49DA-B9DD-1C6F00AE72C6}.Release|Any CPU.Build.0 = Release|Any CPU
		{2F044A45-828B-49DA-B9DD-1C6F00AE72C6}.Release|iPhone.ActiveCfg = Release|Any CPU
		{2F044A45-828B-49DA-B9DD-1C6F00AE72C6}.Release|iPhone.Build.0 = Release|Any CPU
		{2F044A45-828B-49DA-B9DD-1C6F00AE72C6}.Release|iPhoneSimulator.ActiveCfg = Release|Any CPU
		{2F044A45-828B-49DA-B9DD-1C6F00AE72C6}.Release|iPhoneSimulator.Build.0 = Release|Any CPU
	EndGlobalSection
	GlobalSection(SolutionProperties) = preSolution
		HideSolutionNode = FALSE
	EndGlobalSection
	GlobalSection(ExtensibilityGlobals) = postSolution
		SolutionGuid = {8B7B0EF3-3CCD-419F-98EB-C7E6F40D3291}
	EndGlobalSection
EndGlobal
